<?xml version="1.0" encoding="utf-8"?>
<Project ToolsVersion="4.0" xmlns="http://schemas.microsoft.com/developer/msbuild/2003">
  <ItemGroup>
    <ClCompile Include="TestApp.cpp" />
    <ClCompile Include="Scene_Level1.cpp">
      <Filter>Scenes</Filter>
    </ClCompile>
    <ClCompile Include="Main.cpp">
      <Filter>Core</Filter>
    </ClCompile>
    <ClCompile Include="Player.cpp">
      <Filter>Entities</Filter>
    </ClCompile>
    <ClCompile Include="PlayerInputComponent.cpp">
      <Filter>Components</Filter>
    </ClCompile>
    <ClCompile Include="GravityAndCollisionWithGroundComponent.cpp">
      <Filter>Components</Filter>
    </ClCompile>
    <ClCompile Include="PlayerJumpComponent.cpp">
      <Filter>Components</Filter>
    </ClCompile>
  </ItemGroup>
  <ItemGroup>
    <Filter Include="Scenes">
      <UniqueIdentifier>{0e3ef906-b7ca-4844-aaba-b12d6b608233}</UniqueIdentifier>
    </Filter>
    <Filter Include="Core">
      <UniqueIdentifier>{0278e540-ac3f-4d41-ab68-3dfd942e3ee6}</UniqueIdentifier>
    </Filter>
    <Filter Include="Util">
      <UniqueIdentifier>{d9c665db-f322-4d08-bc43-bf75a9e6de42}</UniqueIdentifier>
    </Filter>
    <Filter Include="Entities">
      <UniqueIdentifier>{937fec25-b7c2-4c0e-89b4-463e7808aeb2}</UniqueIdentifier>
    </Filter>
    <Filter Include="Components">
      <UniqueIdentifier>{5b01c77a-164d-434d-9ac4-5cc4f398084b}</UniqueIdentifier>
    </Filter>
  </ItemGroup>
  <ItemGroup>
    <ClInclude Include="Scene_Level1.h">
      <Filter>Scenes</Filter>
    </ClInclude>
    <ClInclude Include="ColliderTypes.h">
      <Filter>Util</Filter>
    </ClInclude>
    <ClInclude Include="Player.h">
      <Filter>Entities</Filter>
    </ClInclude>
    <ClInclude Include="PlayerInputComponent.h">
      <Filter>Components</Filter>
    </ClInclude>
    <ClInclude Include="GravityAndCollisionWithGroundComponent.h">
      <Filter>Components</Filter>
    </ClInclude>
    <ClInclude Include="PlayerJumpComponent.h">
      <Filter>Components</Filter>
    </ClInclude>
  </ItemGroup>
</Project>