<?xml version="1.0" encoding="utf-8"?>
<Project ToolsVersion="4.0" xmlns="http://schemas.microsoft.com/developer/msbuild/2003">
  <ItemGroup>
    <ClCompile Include="Scene_Level1.cpp">
      <Filter>Scenes</Filter>
    </ClCompile>
    <ClCompile Include="Main.cpp">
      <Filter>Core</Filter>
    </ClCompile>
    <ClCompile Include="CameraMovementComponent.cpp">
      <Filter>GameController</Filter>
    </ClCompile>
    <ClCompile Include="CavemanNinjaApp.cpp">
      <Filter>Core</Filter>
    </ClCompile>
    <ClCompile Include="GameControllerComponent.cpp">
      <Filter>GameController</Filter>
    </ClCompile>
    <ClCompile Include="Player.cpp">
      <Filter>Player</Filter>
    </ClCompile>
    <ClCompile Include="PlayerCamera.cpp">
      <Filter>Player</Filter>
    </ClCompile>
    <ClCompile Include="PlayerInputComponent.cpp">
      <Filter>Player\Components</Filter>
    </ClCompile>
    <ClCompile Include="PlayerJumpComponent.cpp">
      <Filter>Player\Components</Filter>
    </ClCompile>
    <ClCompile Include="AnimatorMappingComponent.cpp">
      <Filter>Player\Components</Filter>
    </ClCompile>
    <ClCompile Include="TomahawkProjectile.cpp">
      <Filter>Weapons\Projectiles</Filter>
    </ClCompile>
    <ClCompile Include="PlayerAnimator.cpp">
      <Filter>Player\Animations</Filter>
    </ClCompile>
    <ClCompile Include="TomahawkAnimator.cpp">
      <Filter>Weapons\Animations</Filter>
    </ClCompile>
    <ClCompile Include="WeaponAnimatorMappingComponent.cpp">
      <Filter>Weapons\Components</Filter>
    </ClCompile>
    <ClCompile Include="WeaponLifespanComponent.cpp">
      <Filter>Weapons\Components</Filter>
    </ClCompile>
    <ClCompile Include="WeaponComponent.cpp">
      <Filter>Weapons</Filter>
    </ClCompile>
    <ClCompile Include="WeaponTomahawk.cpp">
      <Filter>Weapons</Filter>
    </ClCompile>
    <ClCompile Include="WeaponGravityComponent.cpp">
      <Filter>Weapons\Components</Filter>
    </ClCompile>
    <ClCompile Include="EnemyCavemanAnimator.cpp">
      <Filter>Enemies\Animations</Filter>
    </ClCompile>
    <ClCompile Include="EnemyCaveman.cpp">
      <Filter>Enemies</Filter>
    </ClCompile>
    <ClCompile Include="DieOnPlayerAttackComponent.cpp">
      <Filter>Enemies\Components</Filter>
    </ClCompile>
    <ClCompile Include="EnemyGravityComponent.cpp">
      <Filter>Enemies\Components</Filter>
    </ClCompile>
    <ClCompile Include="EnemyAnimatorMappingComponent.cpp">
      <Filter>Enemies\Components</Filter>
    </ClCompile>
    <ClCompile Include="EnemyHitEffect.cpp">
      <Filter>Effects</Filter>
    </ClCompile>
    <ClCompile Include="EffectLifespanComponent.cpp">
      <Filter>Effects\Components</Filter>
    </ClCompile>
    <ClCompile Include="WeaponDestroyOnCollisionComponent.cpp">
      <Filter>Weapons\Components</Filter>
    </ClCompile>
    <ClCompile Include="PlayerGravityComponent.cpp">
      <Filter>Player\Components</Filter>
    </ClCompile>
    <ClCompile Include="PlayerHitEffect.cpp">
      <Filter>Effects</Filter>
    </ClCompile>
    <ClCompile Include="PlayerLifeComponent.cpp">
      <Filter>Player\Components</Filter>
    </ClCompile>
    <ClCompile Include="PlayerHarvestEffect.cpp">
      <Filter>Effects</Filter>
    </ClCompile>
    <ClCompile Include="GUILifebarComponent.cpp">
      <Filter>GUI\Lifebar</Filter>
    </ClCompile>
    <ClCompile Include="GUILifebarPoint.cpp">
      <Filter>GUI\Lifebar</Filter>
    </ClCompile>
    <ClCompile Include="UserInterfaceComponent.cpp">
      <Filter>GUI</Filter>
    </ClCompile>
    <ClCompile Include="GUIPortraitComponent.cpp">
      <Filter>GUI\Portrait</Filter>
    </ClCompile>
    <ClCompile Include="GUIPortrait.cpp">
      <Filter>GUI\Portrait</Filter>
    </ClCompile>
    <ClCompile Include="Pickup.cpp">
      <Filter>Pickups</Filter>
    </ClCompile>
    <ClCompile Include="OnFoodPickUpComponent.cpp">
      <Filter>Pickups\Components</Filter>
    </ClCompile>
    <ClCompile Include="ScoreTextEffect.cpp">
      <Filter>Effects</Filter>
    </ClCompile>
    <ClCompile Include="SpawnPickupOnDeathComponent.cpp">
      <Filter>Enemies\Components</Filter>
    </ClCompile>
    <ClCompile Include="GUIScoreTextComponent.cpp">
      <Filter>GUI\Score</Filter>
    </ClCompile>
    <ClCompile Include="DinosaurEye.cpp">
      <Filter>Other</Filter>
    </ClCompile>
    <ClCompile Include="DinosaurEyeComponent.cpp">
      <Filter>Other\Components</Filter>
    </ClCompile>
    <ClCompile Include="AICavemanComponent.cpp">
      <Filter>Enemies\AI</Filter>
    </ClCompile>
  </ItemGroup>
  <ItemGroup>
    <Filter Include="Scenes">
      <UniqueIdentifier>{0e3ef906-b7ca-4844-aaba-b12d6b608233}</UniqueIdentifier>
    </Filter>
    <Filter Include="Core">
      <UniqueIdentifier>{0278e540-ac3f-4d41-ab68-3dfd942e3ee6}</UniqueIdentifier>
    </Filter>
    <Filter Include="Util">
      <UniqueIdentifier>{d9c665db-f322-4d08-bc43-bf75a9e6de42}</UniqueIdentifier>
    </Filter>
    <Filter Include="Player">
      <UniqueIdentifier>{81b7fee0-1d20-4eab-bd20-303acfee1eb9}</UniqueIdentifier>
    </Filter>
    <Filter Include="Player\Components">
      <UniqueIdentifier>{cab61078-e85b-4499-a166-4d5823c9a10b}</UniqueIdentifier>
    </Filter>
    <Filter Include="GameController">
      <UniqueIdentifier>{5b01c77a-164d-434d-9ac4-5cc4f398084b}</UniqueIdentifier>
    </Filter>
    <Filter Include="Weapons">
      <UniqueIdentifier>{93adb4e5-8074-43f9-936a-5f88f772a2a6}</UniqueIdentifier>
    </Filter>
    <Filter Include="Player\Animations">
      <UniqueIdentifier>{4f1d7700-7422-4e54-8226-64d09d68fad4}</UniqueIdentifier>
    </Filter>
    <Filter Include="Weapons\Animations">
      <UniqueIdentifier>{4ff74e49-7da5-43d6-be21-9aef5ef38ec2}</UniqueIdentifier>
    </Filter>
    <Filter Include="Weapons\Projectiles">
      <UniqueIdentifier>{a7c04aaf-d123-44e6-9b72-81d834b2c5e5}</UniqueIdentifier>
    </Filter>
    <Filter Include="Weapons\Components">
      <UniqueIdentifier>{192825d0-8117-4bc6-a96f-d684b1b14bff}</UniqueIdentifier>
    </Filter>
    <Filter Include="Enemies">
      <UniqueIdentifier>{ee67c9d6-5b92-4bf1-80e9-21dfa9e056ae}</UniqueIdentifier>
    </Filter>
    <Filter Include="Enemies\Animations">
      <UniqueIdentifier>{ca084787-0583-4b8e-b383-176378d540f6}</UniqueIdentifier>
    </Filter>
    <Filter Include="Enemies\Components">
      <UniqueIdentifier>{881771b8-8434-44b8-a95e-76d31dac876a}</UniqueIdentifier>
    </Filter>
    <Filter Include="Effects">
      <UniqueIdentifier>{943a5d97-6e9d-407f-acfe-59076d179f0d}</UniqueIdentifier>
    </Filter>
    <Filter Include="Effects\Components">
      <UniqueIdentifier>{5bc1ae8a-7886-4a34-bcc4-71ca35a5ee25}</UniqueIdentifier>
    </Filter>
    <Filter Include="GUI">
      <UniqueIdentifier>{7ab74bea-3f29-4a19-8118-9fde2222999b}</UniqueIdentifier>
    </Filter>
    <Filter Include="GUI\Lifebar">
      <UniqueIdentifier>{82e28d43-14c2-4011-85f1-437d7fafc0da}</UniqueIdentifier>
    </Filter>
    <Filter Include="GUI\Portrait">
      <UniqueIdentifier>{595410ac-86ef-4c60-a8a6-9d88ab257223}</UniqueIdentifier>
    </Filter>
    <Filter Include="Pickups">
      <UniqueIdentifier>{f1f79900-f9e9-40e6-a8d2-560c9ea44ab9}</UniqueIdentifier>
    </Filter>
    <Filter Include="Pickups\Components">
      <UniqueIdentifier>{a23ea756-898b-46f4-88ce-21dd9d049e99}</UniqueIdentifier>
    </Filter>
    <Filter Include="GUI\Score">
      <UniqueIdentifier>{671e29bb-b890-4497-9fe3-a9942e65f72e}</UniqueIdentifier>
    </Filter>
    <Filter Include="Other">
      <UniqueIdentifier>{8d5e00d4-6277-43c7-a87b-261d95b5f4b8}</UniqueIdentifier>
    </Filter>
    <Filter Include="Other\Components">
      <UniqueIdentifier>{b26a3b5a-c8d2-463b-9d33-6bfeaf0f546e}</UniqueIdentifier>
    </Filter>
    <Filter Include="Enemies\AI">
      <UniqueIdentifier>{31219f38-4460-4dbc-99da-3da9f4b43607}</UniqueIdentifier>
    </Filter>
  </ItemGroup>
  <ItemGroup>
    <ClInclude Include="Scene_Level1.h">
      <Filter>Scenes</Filter>
    </ClInclude>
    <ClInclude Include="ColliderTypes.h">
      <Filter>Util</Filter>
    </ClInclude>
    <ClInclude Include="CameraMovementComponent.h">
      <Filter>GameController</Filter>
    </ClInclude>
    <ClInclude Include="GameControllerComponent.h">
      <Filter>GameController</Filter>
    </ClInclude>
    <ClInclude Include="Player.h">
      <Filter>Player</Filter>
    </ClInclude>
    <ClInclude Include="PlayerCamera.h">
      <Filter>Player</Filter>
    </ClInclude>
    <ClInclude Include="PlayerInputComponent.h">
      <Filter>Player\Components</Filter>
    </ClInclude>
    <ClInclude Include="PlayerJumpComponent.h">
      <Filter>Player\Components</Filter>
    </ClInclude>
    <ClInclude Include="AnimatorMappingComponent.h">
      <Filter>Player\Components</Filter>
    </ClInclude>
    <ClInclude Include="TomahawkProjectile.h">
      <Filter>Weapons\Projectiles</Filter>
    </ClInclude>
    <ClInclude Include="PlayerAnimator.h">
      <Filter>Player\Animations</Filter>
    </ClInclude>
    <ClInclude Include="TomahawkAnimator.h">
      <Filter>Weapons\Animations</Filter>
    </ClInclude>
    <ClInclude Include="WeaponAnimatorMappingComponent.h">
      <Filter>Weapons\Components</Filter>
    </ClInclude>
    <ClInclude Include="WeaponLifespanComponent.h">
      <Filter>Weapons\Components</Filter>
    </ClInclude>
    <ClInclude Include="WeaponComponent.h">
      <Filter>Weapons</Filter>
    </ClInclude>
    <ClInclude Include="WeaponTomahawk.h">
      <Filter>Weapons</Filter>
    </ClInclude>
    <ClInclude Include="WeaponGravityComponent.h">
      <Filter>Weapons\Components</Filter>
    </ClInclude>
    <ClInclude Include="EnemyCavemanAnimator.h">
      <Filter>Enemies\Animations</Filter>
    </ClInclude>
    <ClInclude Include="EnemyCaveman.h">
      <Filter>Enemies</Filter>
    </ClInclude>
    <ClInclude Include="DieOnPlayerAttackComponent.h">
      <Filter>Enemies\Components</Filter>
    </ClInclude>
    <ClInclude Include="EnemyGravityComponent.h">
      <Filter>Enemies\Components</Filter>
    </ClInclude>
    <ClInclude Include="EnemyAnimatorMappingComponent.h">
      <Filter>Enemies\Components</Filter>
    </ClInclude>
    <ClInclude Include="EnemyHitEffect.h">
      <Filter>Effects</Filter>
    </ClInclude>
    <ClInclude Include="EffectLifespanComponent.h">
      <Filter>Effects\Components</Filter>
    </ClInclude>
    <ClInclude Include="WeaponDestroyOnCollisionComponent.h">
      <Filter>Weapons\Components</Filter>
    </ClInclude>
    <ClInclude Include="PlayerLifeComponent.h">
      <Filter>Player\Components</Filter>
    </ClInclude>
    <ClInclude Include="PlayerGravityComponent.h">
      <Filter>Player\Components</Filter>
    </ClInclude>
    <ClInclude Include="PlayerHitEffect.h">
      <Filter>Effects</Filter>
    </ClInclude>
    <ClInclude Include="PlayerHarvestEffect.h">
      <Filter>Effects</Filter>
    </ClInclude>
    <ClInclude Include="GUILifebarComponent.h">
      <Filter>GUI\Lifebar</Filter>
    </ClInclude>
    <ClInclude Include="GUILifebarPoint.h">
      <Filter>GUI\Lifebar</Filter>
    </ClInclude>
    <ClInclude Include="UserInterfaceComponent.h">
      <Filter>GUI</Filter>
    </ClInclude>
    <ClInclude Include="GUIPortraitComponent.h">
      <Filter>GUI\Portrait</Filter>
    </ClInclude>
    <ClInclude Include="GUIPortrait.h">
      <Filter>GUI\Portrait</Filter>
    </ClInclude>
    <ClInclude Include="Pickup.h">
      <Filter>Pickups</Filter>
    </ClInclude>
    <ClInclude Include="OnFoodPickUpComponent.h">
      <Filter>Pickups\Components</Filter>
    </ClInclude>
    <ClInclude Include="ScoreTextEffect.h">
      <Filter>Effects</Filter>
    </ClInclude>
    <ClInclude Include="SpawnPickupOnDeathComponent.h">
      <Filter>Enemies\Components</Filter>
    </ClInclude>
    <ClInclude Include="GUIScoreTextComponent.h">
      <Filter>GUI\Score</Filter>
    </ClInclude>
    <ClInclude Include="DinosaurEye.h">
      <Filter>Other</Filter>
    </ClInclude>
    <ClInclude Include="DinosaurEyeComponent.h">
      <Filter>Other\Components</Filter>
    </ClInclude>
    <ClInclude Include="AICavemanComponent.h">
      <Filter>Enemies\AI</Filter>
    </ClInclude>
  </ItemGroup>
</Project>