<?xml version="1.0" encoding="utf-8"?>
<Project ToolsVersion="4.0" xmlns="http://schemas.microsoft.com/developer/msbuild/2003">
  <ItemGroup>
    <Filter Include="Modules">
      <UniqueIdentifier>{2c67cd4d-bf6c-4e98-a90e-65c4388dc807}</UniqueIdentifier>
    </Filter>
    <Filter Include="Core">
      <UniqueIdentifier>{47c427a0-fd75-467b-b7fd-b8ce63d37667}</UniqueIdentifier>
    </Filter>
    <Filter Include="Util">
      <UniqueIdentifier>{11dc695b-1e13-4596-91e2-7022b08220ed}</UniqueIdentifier>
    </Filter>
    <Filter Include="Elements">
      <UniqueIdentifier>{683cf98c-621c-4bc4-ab39-72e8d1e95ece}</UniqueIdentifier>
    </Filter>
    <Filter Include="Elements\Particles">
      <UniqueIdentifier>{84b6d3fb-b964-48be-ae9e-74ac59991a07}</UniqueIdentifier>
    </Filter>
    <Filter Include="Elements\Particles\Emitters">
      <UniqueIdentifier>{2ba5a41c-e9e5-4492-80c6-dd2ae4a03bcd}</UniqueIdentifier>
    </Filter>
    <Filter Include="Elements\Particles\Initializers">
      <UniqueIdentifier>{672c11ce-22cc-4737-a05c-6ea421cde393}</UniqueIdentifier>
    </Filter>
    <Filter Include="Elements\Particles\Operators">
      <UniqueIdentifier>{92bba1b3-ae7c-4b28-916a-ba5cba283b72}</UniqueIdentifier>
    </Filter>
    <Filter Include="Elements\Particles\Renderers">
      <UniqueIdentifier>{d9714b3c-e59c-4633-9d6a-a40596889771}</UniqueIdentifier>
    </Filter>
    <Filter Include="Elements\Entities">
      <UniqueIdentifier>{f2ac7bf3-b6a2-4723-afa0-d311736243f9}</UniqueIdentifier>
    </Filter>
    <Filter Include="Elements\Entities\Components">
      <UniqueIdentifier>{142f3005-5c49-4593-977a-db78d3db0cd2}</UniqueIdentifier>
    </Filter>
    <Filter Include="Elements\Collisions">
      <UniqueIdentifier>{0e9ed4fb-d8fc-4c7c-9c54-1dc607af5a96}</UniqueIdentifier>
    </Filter>
    <Filter Include="Elements\Collisions\Colliders">
      <UniqueIdentifier>{6813bfa4-a666-4d4a-a067-0632030576c8}</UniqueIdentifier>
    </Filter>
    <Filter Include="Elements\States">
      <UniqueIdentifier>{abb4012f-b2d4-4d1d-94b6-ecd53de45c45}</UniqueIdentifier>
    </Filter>
    <Filter Include="Elements\States\Conditions">
      <UniqueIdentifier>{19f10bda-df0b-4e1c-8312-1f690f72028c}</UniqueIdentifier>
    </Filter>
    <Filter Include="Elements\Animations">
      <UniqueIdentifier>{10ac65ec-07ca-4712-bc6c-f1fbbd4f04cf}</UniqueIdentifier>
    </Filter>
    <Filter Include="Elements\Entities\GUIComponents">
      <UniqueIdentifier>{155c68e6-4b91-4d29-8a9e-1c1008d58cad}</UniqueIdentifier>
    </Filter>
    <Filter Include="Elements\Entities\ColliderComponents">
      <UniqueIdentifier>{6f74d29a-0c9a-4fde-ab99-1f30a9342b62}</UniqueIdentifier>
    </Filter>
    <Filter Include="Elements\AI">
      <UniqueIdentifier>{281e5487-7c7d-4454-a63c-1c99536fc4be}</UniqueIdentifier>
    </Filter>
    <Filter Include="Elements\Camera">
      <UniqueIdentifier>{15352bd1-2fe6-40e2-b14e-eb85d9e0b836}</UniqueIdentifier>
    </Filter>
  </ItemGroup>
  <ItemGroup>
    <ClInclude Include="Globals.h">
      <Filter>Util</Filter>
    </ClInclude>
    <ClInclude Include="Module.h">
      <Filter>Modules</Filter>
    </ClInclude>
    <ClInclude Include="ModuleAudio.h">
      <Filter>Modules</Filter>
    </ClInclude>
    <ClInclude Include="ModuleInput.h">
      <Filter>Modules</Filter>
    </ClInclude>
    <ClInclude Include="ModuleRender.h">
      <Filter>Modules</Filter>
    </ClInclude>
    <ClInclude Include="ModuleTextures.h">
      <Filter>Modules</Filter>
    </ClInclude>
    <ClInclude Include="ModuleWindow.h">
      <Filter>Modules</Filter>
    </ClInclude>
    <ClInclude Include="Point.h">
      <Filter>Util</Filter>
    </ClInclude>
    <ClInclude Include="Application.h">
      <Filter>Core</Filter>
    </ClInclude>
    <ClInclude Include="ModuleScene.h">
      <Filter>Modules</Filter>
    </ClInclude>
    <ClInclude Include="ModuleParticles.h">
      <Filter>Modules</Filter>
    </ClInclude>
    <ClInclude Include="ParticleEmitter.h">
      <Filter>Elements\Particles</Filter>
    </ClInclude>
    <ClInclude Include="ParticleInitializer.h">
      <Filter>Elements\Particles</Filter>
    </ClInclude>
    <ClInclude Include="ParticleOperator.h">
      <Filter>Elements\Particles</Filter>
    </ClInclude>
    <ClInclude Include="ParticleRenderer.h">
      <Filter>Elements\Particles</Filter>
    </ClInclude>
    <ClInclude Include="ParticleSystem.h">
      <Filter>Elements\Particles</Filter>
    </ClInclude>
    <ClInclude Include="Particle.h">
      <Filter>Elements\Particles</Filter>
    </ClInclude>
    <ClInclude Include="Color.h">
      <Filter>Util</Filter>
    </ClInclude>
    <ClInclude Include="ModuleTime.h">
      <Filter>Modules</Filter>
    </ClInclude>
    <ClInclude Include="Random.h">
      <Filter>Util</Filter>
    </ClInclude>
    <ClInclude Include="Entity.h">
      <Filter>Elements\Entities</Filter>
    </ClInclude>
    <ClInclude Include="Transform.h">
      <Filter>Elements\Entities</Filter>
    </ClInclude>
    <ClInclude Include="ModuleAnimation.h">
      <Filter>Modules</Filter>
    </ClInclude>
    <ClInclude Include="Component.h">
      <Filter>Elements\Entities</Filter>
    </ClInclude>
    <ClInclude Include="SpriteRendererComponent.h">
      <Filter>Elements\Entities\Components</Filter>
    </ClInclude>
    <ClInclude Include="ParticleSystemComponent.h">
      <Filter>Elements\Entities\Components</Filter>
    </ClInclude>
    <ClInclude Include="SpriteParticleRenderer.h">
      <Filter>Elements\Particles\Renderers</Filter>
    </ClInclude>
    <ClInclude Include="AlphaFadeInOutOperator.h">
      <Filter>Elements\Particles\Operators</Filter>
    </ClInclude>
    <ClInclude Include="LifetimeDecayOperator.h">
      <Filter>Elements\Particles\Operators</Filter>
    </ClInclude>
    <ClInclude Include="MovementBasicOperator.h">
      <Filter>Elements\Particles\Operators</Filter>
    </ClInclude>
    <ClInclude Include="RotationMatchingSpeedOperator.h">
      <Filter>Elements\Particles\Operators</Filter>
    </ClInclude>
    <ClInclude Include="ColorRandomInitializer.h">
      <Filter>Elements\Particles\Initializers</Filter>
    </ClInclude>
    <ClInclude Include="LifetimeRandomInitializer.h">
      <Filter>Elements\Particles\Initializers</Filter>
    </ClInclude>
    <ClInclude Include="SpeedRandomInitializer.h">
      <Filter>Elements\Particles\Initializers</Filter>
    </ClInclude>
    <ClInclude Include="EmitContinuouslyEmitter.h">
      <Filter>Elements\Particles\Emitters</Filter>
    </ClInclude>
    <ClInclude Include="ScaleRandomInitializer.h">
      <Filter>Elements\Particles\Initializers</Filter>
    </ClInclude>
    <ClInclude Include="ScaleBasicOperator.h">
      <Filter>Elements\Particles\Operators</Filter>
    </ClInclude>
    <ClInclude Include="Scene.h">
      <Filter>Elements\Entities</Filter>
    </ClInclude>
    <ClInclude Include="CameraComponent.h">
      <Filter>Elements\Entities\Components</Filter>
    </ClInclude>
    <ClInclude Include="Collider.h">
      <Filter>Elements\Collisions</Filter>
    </ClInclude>
    <ClInclude Include="ModuleCollisions.h">
      <Filter>Modules</Filter>
    </ClInclude>
    <ClInclude Include="CircleCollider.h">
      <Filter>Elements\Collisions\Colliders</Filter>
    </ClInclude>
    <ClInclude Include="CollisionListener.h">
      <Filter>Elements\Collisions</Filter>
    </ClInclude>
    <ClInclude Include="DestroyOnCollisionComponent.h">
      <Filter>Elements\Entities\Components</Filter>
    </ClInclude>
    <ClInclude Include="MovementSimpleComponent.h">
      <Filter>Elements\Entities\Components</Filter>
    </ClInclude>
    <ClInclude Include="StateMachine.h">
      <Filter>Elements\States</Filter>
    </ClInclude>
    <ClInclude Include="StateSwitcher.h">
      <Filter>Elements\States</Filter>
    </ClInclude>
    <ClInclude Include="StateTransition.h">
      <Filter>Elements\States</Filter>
    </ClInclude>
    <ClInclude Include="FlagCondition.h">
      <Filter>Elements\States</Filter>
    </ClInclude>
    <ClInclude Include="FlagEqualsCondition.h">
      <Filter>Elements\States\Conditions</Filter>
    </ClInclude>
    <ClInclude Include="FlagLessThanCondition.h">
      <Filter>Elements\States\Conditions</Filter>
    </ClInclude>
    <ClInclude Include="FlagGreaterThanCondition.h">
      <Filter>Elements\States\Conditions</Filter>
    </ClInclude>
    <ClInclude Include="Animation.h">
      <Filter>Elements\Animations</Filter>
    </ClInclude>
    <ClInclude Include="Animator.h">
      <Filter>Elements\Animations</Filter>
    </ClInclude>
    <ClInclude Include="BasicAnimation.h">
      <Filter>Elements\Animations</Filter>
    </ClInclude>
    <ClInclude Include="RectangleCollider.h">
      <Filter>Elements\Collisions\Colliders</Filter>
    </ClInclude>
    <ClInclude Include="ModuleGUI.h">
      <Filter>Modules</Filter>
    </ClInclude>
    <ClInclude Include="GUIComponent.h">
      <Filter>Elements\Entities\GUIComponents</Filter>
    </ClInclude>
    <ClInclude Include="LineCollider.h">
      <Filter>Elements\Collisions\Colliders</Filter>
    </ClInclude>
    <ClInclude Include="CircleColliderComponent.h">
      <Filter>Elements\Entities\ColliderComponents</Filter>
    </ClInclude>
    <ClInclude Include="LineColliderComponent.h">
      <Filter>Elements\Entities\ColliderComponents</Filter>
    </ClInclude>
    <ClInclude Include="RectangleColliderComponent.h">
      <Filter>Elements\Entities\ColliderComponents</Filter>
    </ClInclude>
    <ClInclude Include="ColliderComponent.h">
      <Filter>Elements\Entities\ColliderComponents</Filter>
    </ClInclude>
    <ClInclude Include="CircleTraceCollider.h">
      <Filter>Elements\Collisions\Colliders</Filter>
    </ClInclude>
    <ClInclude Include="AnimationEndCondition.h">
      <Filter>Elements\States\Conditions</Filter>
    </ClInclude>
    <ClInclude Include="GUITextureRendererComponent.h">
      <Filter>Elements\Entities\GUIComponents</Filter>
    </ClInclude>
    <ClInclude Include="GUISpriteRendererComponent.h">
      <Filter>Elements\Entities\GUIComponents</Filter>
    </ClInclude>
    <ClInclude Include="GUITextRendererComponent.h">
      <Filter>Elements\Entities\GUIComponents</Filter>
    </ClInclude>
    <ClInclude Include="ModuleFonts.h">
      <Filter>Modules</Filter>
    </ClInclude>
    <ClInclude Include="PreciseAnimation.h">
      <Filter>Elements\Animations</Filter>
    </ClInclude>
    <ClInclude Include="RectangleBasicCollider.h">
      <Filter>Elements\Collisions\Colliders</Filter>
    </ClInclude>
    <ClInclude Include="Timer.h">
      <Filter>Util</Filter>
    </ClInclude>
    <ClInclude Include="EntityLifetimeComponent.h">
      <Filter>Elements\Entities\Components</Filter>
    </ClInclude>
    <ClInclude Include="AIManager.h">
      <Filter>Elements\AI</Filter>
    </ClInclude>
    <ClInclude Include="AIBehaviour.h">
      <Filter>Elements\AI</Filter>
    </ClInclude>
    <ClInclude Include="AIComponent.h">
      <Filter>Elements\Entities\Components</Filter>
    </ClInclude>
    <ClInclude Include="ModuleAI.h">
      <Filter>Modules</Filter>
    </ClInclude>
    <ClInclude Include="Camera.h">
      <Filter>Elements\Camera</Filter>
    </ClInclude>
    <ClInclude Include="NullAnimation.h">
      <Filter>Elements\Animations</Filter>
    </ClInclude>
    <ClInclude Include="SingleAnimation.h">
      <Filter>Elements\Animations</Filter>
    </ClInclude>
  </ItemGroup>
  <ItemGroup>
    <ClCompile Include="Application.cpp">
      <Filter>Core</Filter>
    </ClCompile>
    <ClCompile Include="Log.cpp">
      <Filter>Util</Filter>
    </ClCompile>
    <ClCompile Include="ModuleAudio.cpp">
      <Filter>Modules</Filter>
    </ClCompile>
    <ClCompile Include="ModuleInput.cpp">
      <Filter>Modules</Filter>
    </ClCompile>
    <ClCompile Include="ModuleRender.cpp">
      <Filter>Modules</Filter>
    </ClCompile>
    <ClCompile Include="ModuleTextures.cpp">
      <Filter>Modules</Filter>
    </ClCompile>
    <ClCompile Include="ModuleWindow.cpp">
      <Filter>Modules</Filter>
    </ClCompile>
    <ClCompile Include="ModuleScene.cpp">
      <Filter>Modules</Filter>
    </ClCompile>
    <ClCompile Include="ModuleParticles.cpp">
      <Filter>Modules</Filter>
    </ClCompile>
    <ClCompile Include="ParticleSystem.cpp">
      <Filter>Elements\Particles</Filter>
    </ClCompile>
    <ClCompile Include="ModuleTime.cpp">
      <Filter>Modules</Filter>
    </ClCompile>
    <ClCompile Include="Entity.cpp">
      <Filter>Elements\Entities</Filter>
    </ClCompile>
    <ClCompile Include="Transform.cpp">
      <Filter>Elements\Entities</Filter>
    </ClCompile>
    <ClCompile Include="ModuleAnimation.cpp">
      <Filter>Modules</Filter>
    </ClCompile>
    <ClCompile Include="Component.cpp">
      <Filter>Elements\Entities</Filter>
    </ClCompile>
    <ClCompile Include="Scene.cpp">
      <Filter>Elements\Entities</Filter>
    </ClCompile>
    <ClCompile Include="Collider.cpp">
      <Filter>Elements\Collisions</Filter>
    </ClCompile>
    <ClCompile Include="ModuleCollisions.cpp">
      <Filter>Modules</Filter>
    </ClCompile>
    <ClCompile Include="BasicAnimation.cpp">
      <Filter>Elements\Animations</Filter>
    </ClCompile>
    <ClCompile Include="Animator.cpp">
      <Filter>Elements\Animations</Filter>
    </ClCompile>
    <ClCompile Include="CircleCollider.cpp">
      <Filter>Elements\Collisions\Colliders</Filter>
    </ClCompile>
    <ClCompile Include="RectangleCollider.cpp">
      <Filter>Elements\Collisions\Colliders</Filter>
    </ClCompile>
    <ClCompile Include="ModuleGUI.cpp">
      <Filter>Modules</Filter>
    </ClCompile>
    <ClCompile Include="LineCollider.cpp">
      <Filter>Elements\Collisions\Colliders</Filter>
    </ClCompile>
    <ClCompile Include="CircleTraceCollider.cpp">
      <Filter>Elements\Collisions\Colliders</Filter>
    </ClCompile>
    <ClCompile Include="GUITextureRendererComponent.cpp">
      <Filter>Elements\Entities\GUIComponents</Filter>
    </ClCompile>
    <ClCompile Include="GUISpriteRendererComponent.cpp">
      <Filter>Elements\Entities\GUIComponents</Filter>
    </ClCompile>
    <ClCompile Include="GUIComponent.cpp">
      <Filter>Elements\Entities\GUIComponents</Filter>
    </ClCompile>
    <ClCompile Include="GUITextRendererComponent.cpp">
      <Filter>Elements\Entities\GUIComponents</Filter>
    </ClCompile>
    <ClCompile Include="Color.cpp">
      <Filter>Util</Filter>
    </ClCompile>
    <ClCompile Include="ModuleFonts.cpp">
      <Filter>Modules</Filter>
    </ClCompile>
    <ClCompile Include="PreciseAnimation.cpp">
      <Filter>Elements\Animations</Filter>
    </ClCompile>
    <ClCompile Include="RectangleBasicCollider.cpp">
      <Filter>Elements\Collisions\Colliders</Filter>
    </ClCompile>
    <ClCompile Include="ColliderComponent.cpp">
      <Filter>Elements\Entities\ColliderComponents</Filter>
    </ClCompile>
    <ClCompile Include="CircleColliderComponent.cpp">
      <Filter>Elements\Entities\ColliderComponents</Filter>
    </ClCompile>
    <ClCompile Include="RectangleColliderComponent.cpp">
      <Filter>Elements\Entities\ColliderComponents</Filter>
    </ClCompile>
    <ClCompile Include="LineColliderComponent.cpp">
      <Filter>Elements\Entities\ColliderComponents</Filter>
    </ClCompile>
    <ClCompile Include="Timer.cpp">
      <Filter>Util</Filter>
    </ClCompile>
    <ClCompile Include="AIBehaviour.cpp">
      <Filter>Elements\AI</Filter>
    </ClCompile>
    <ClCompile Include="AIManager.cpp">
      <Filter>Elements\AI</Filter>
    </ClCompile>
    <ClCompile Include="AIComponent.cpp">
      <Filter>Elements\Entities\Components</Filter>
    </ClCompile>
    <ClCompile Include="ModuleAI.cpp">
      <Filter>Modules</Filter>
    </ClCompile>
    <ClCompile Include="Animation.cpp">
      <Filter>Elements\Animations</Filter>
    </ClCompile>
    <ClCompile Include="CameraComponent.cpp">
      <Filter>Elements\Entities\Components</Filter>
    </ClCompile>
    <ClCompile Include="SpriteRendererComponent.cpp">
      <Filter>Elements\Entities\Components</Filter>
    </ClCompile>
    <ClCompile Include="ParticleSystemComponent.cpp">
      <Filter>Elements\Entities\Components</Filter>
    </ClCompile>
    <ClCompile Include="MovementSimpleComponent.cpp">
      <Filter>Elements\Entities\Components</Filter>
    </ClCompile>
    <ClCompile Include="EntityLifetimeComponent.cpp">
      <Filter>Elements\Entities\Components</Filter>
    </ClCompile>
    <ClCompile Include="DestroyOnCollisionComponent.cpp">
      <Filter>Elements\Entities\Components</Filter>
    </ClCompile>
    <ClCompile Include="ParticleRenderer.cpp">
      <Filter>Elements\Particles</Filter>
    </ClCompile>
    <ClCompile Include="ParticleOperator.cpp">
      <Filter>Elements\Particles</Filter>
    </ClCompile>
    <ClCompile Include="ParticleInitializer.cpp">
      <Filter>Elements\Particles</Filter>
    </ClCompile>
    <ClCompile Include="ParticleEmitter.cpp">
      <Filter>Elements\Particles</Filter>
    </ClCompile>
    <ClCompile Include="SpriteParticleRenderer.cpp">
      <Filter>Elements\Particles\Renderers</Filter>
    </ClCompile>
    <ClCompile Include="Module.cpp">
      <Filter>Modules</Filter>
    </ClCompile>
    <ClCompile Include="Camera.cpp">
      <Filter>Elements\Camera</Filter>
    </ClCompile>
  </ItemGroup>
</Project>